
Microsoft Visual Studio Solution File, Format Version 12.00
# Visual Studio Version 17
VisualStudioVersion = 17.11.35327.3
MinimumVisualStudioVersion = 10.0.40219.1
Project("{FAE04EC0-301F-11D3-BF4B-00C04F79EFBC}") = "ThreadLab", "ThreadLab\ThreadLab.csproj", "{203A0948-3FF7-4784-BE22-7101D65202F7}"
EndProject
Global
	GlobalSection(SolutionConfigurationPlatforms) = preSolution
		Debug|Any CPU = Debug|Any CPU
		Release|Any CPU = Release|Any CPU
	EndGlobalSection
	GlobalSection(ProjectConfigurationPlatforms) = postSolution
		{203A0948-3FF7-4784-BE22-7101D65202F7}.Debug|Any CPU.ActiveCfg = Debug|Any CPU
		{203A0948-3FF7-4784-BE22-7101D65202F7}.Debug|Any CPU.Build.0 = Debug|Any CPU
		{203A0948-3FF7-4784-BE22-7101D65202F7}.Release|Any CPU.ActiveCfg = Release|Any CPU
		{203A0948-3FF7-4784-BE22-7101D65202F7}.Release|Any CPU.Build.0 = Release|Any CPU
	EndGlobalSection
	GlobalSection(SolutionProperties) = preSolution
		HideSolutionNode = FALSE
	EndGlobalSection
	GlobalSection(ExtensibilityGlobals) = postSolution
		SolutionGuid = {360C5D94-EA03-419E-9EC9-44D2657A87A4}
	EndGlobalSection
EndGlobal
